
Microsoft Visual Studio Solution File, Format Version 12.00
# Visual Studio Version 16
VisualStudioVersion = 16.0.30002.166
MinimumVisualStudioVersion = 10.0.40219.1
Project("{8BC9CEB8-8B4A-11D0-8D11-00A0C91BC942}") = "u盘隐写", "u盘隐写.vcxproj", "{7E7203AD-DFEB-4D3E-99DE-4F9C811B6694}"
EndProject
Global
	GlobalSection(SolutionConfigurationPlatforms) = preSolution
		Debug|x64 = Debug|x64
		Debug|x86 = Debug|x86
		Release|x64 = Release|x64
		Release|x86 = Release|x86
	EndGlobalSection
	GlobalSection(ProjectConfigurationPlatforms) = postSolution
		{7E7203AD-DFEB-4D3E-99DE-4F9C811B6694}.Debug|x64.ActiveCfg = Debug|x64
		{7E7203AD-DFEB-4D3E-99DE-4F9C811B6694}.Debug|x64.Build.0 = Debug|x64
		{7E7203AD-DFEB-4D3E-99DE-4F9C811B6694}.Debug|x86.ActiveCfg = Debug|Win32
		{7E7203AD-DFEB-4D3E-99DE-4F9C811B6694}.Debug|x86.Build.0 = Debug|Win32
		{7E7203AD-DFEB-4D3E-99DE-4F9C811B6694}.Release|x64.ActiveCfg = Release|x64
		{7E7203AD-DFEB-4D3E-99DE-4F9C811B6694}.Release|x64.Build.0 = Release|x64
		{7E7203AD-DFEB-4D3E-99DE-4F9C811B6694}.Release|x86.ActiveCfg = Release|Win32
		{7E7203AD-DFEB-4D3E-99DE-4F9C811B6694}.Release|x86.Build.0 = Release|Win32
	EndGlobalSection
	GlobalSection(SolutionProperties) = preSolution
		HideSolutionNode = FALSE
	EndGlobalSection
	GlobalSection(ExtensibilityGlobals) = postSolution
		SolutionGuid = {FDD34D2E-0506-45F9-AA1D-F2F4DA7FF5B8}
	EndGlobalSection
EndGlobal
